// !$*UTF8*$!
{
	archiveVersion = 1;
	classes = {
	};
	objectVersion = 56;
	objects = {

/* Begin PBXBuildFile section */
		02C71E7928EB8F1000447686 /* WingApp.swift in Sources */ = {isa = PBXBuildFile; fileRef = 02C71E7828EB8F1000447686 /* WingApp.swift */; };
		02C71E7D28EB8F1100447686 /* Assets.xcassets in Resources */ = {isa = PBXBuildFile; fileRef = 02C71E7C28EB8F1100447686 /* Assets.xcassets */; };
		02C71E8028EB8F1100447686 /* Preview Assets.xcassets in Resources */ = {isa = PBXBuildFile; fileRef = 02C71E7F28EB8F1100447686 /* Preview Assets.xcassets */; };
		02C71E8A28EB8F1100447686 /* WingTests.swift in Sources */ = {isa = PBXBuildFile; fileRef = 02C71E8928EB8F1100447686 /* WingTests.swift */; };
		02C71E9428EB8F1100447686 /* WingUITests.swift in Sources */ = {isa = PBXBuildFile; fileRef = 02C71E9328EB8F1100447686 /* WingUITests.swift */; };
		02C71E9628EB8F1100447686 /* WingUITestsLaunchTests.swift in Sources */ = {isa = PBXBuildFile; fileRef = 02C71E9528EB8F1100447686 /* WingUITestsLaunchTests.swift */; };
		67971CD7292456B70088C6BD /* PhoneNumberView.swift in Sources */ = {isa = PBXBuildFile; fileRef = 67971CD6292456B70088C6BD /* PhoneNumberView.swift */; };
		67971CD9292457F60088C6BD /* UsernameView.swift in Sources */ = {isa = PBXBuildFile; fileRef = 67971CD8292457F60088C6BD /* UsernameView.swift */; };
		67971CDB292458360088C6BD /* ProfileCompletionView.swift in Sources */ = {isa = PBXBuildFile; fileRef = 67971CDA292458360088C6BD /* ProfileCompletionView.swift */; };
		67971CDD292458790088C6BD /* OccupationView.swift in Sources */ = {isa = PBXBuildFile; fileRef = 67971CDC292458790088C6BD /* OccupationView.swift */; };
		67971CDF2924594A0088C6BD /* MaximumDistanceView.swift in Sources */ = {isa = PBXBuildFile; fileRef = 67971CDE2924594A0088C6BD /* MaximumDistanceView.swift */; };
		67971CE12924598C0088C6BD /* MatchPreferenceView.swift in Sources */ = {isa = PBXBuildFile; fileRef = 67971CE02924598C0088C6BD /* MatchPreferenceView.swift */; };
		67971CE3292459BA0088C6BD /* EmailAddressView.swift in Sources */ = {isa = PBXBuildFile; fileRef = 67971CE2292459BA0088C6BD /* EmailAddressView.swift */; };
		67971CE5292459E50088C6BD /* AgePreferenceView.swift in Sources */ = {isa = PBXBuildFile; fileRef = 67971CE4292459E50088C6BD /* AgePreferenceView.swift */; };
		67DBADDE29B66DFD0069BE00 /* SettingsHomeView.swift in Sources */ = {isa = PBXBuildFile; fileRef = 67DBADDD29B66DFD0069BE00 /* SettingsHomeView.swift */; };
		67DBADE029B66E330069BE00 /* EditAccountView.swift in Sources */ = {isa = PBXBuildFile; fileRef = 67DBADDF29B66E330069BE00 /* EditAccountView.swift */; };
		67DBADE229B66E5A0069BE00 /* HelpView.swift in Sources */ = {isa = PBXBuildFile; fileRef = 67DBADE129B66E5A0069BE00 /* HelpView.swift */; };
		67DBADE429B66E900069BE00 /* EditPreferencesView.swift in Sources */ = {isa = PBXBuildFile; fileRef = 67DBADE329B66E900069BE00 /* EditPreferencesView.swift */; };
		67DBADE629B66EB50069BE00 /* EditProfileView.swift in Sources */ = {isa = PBXBuildFile; fileRef = 67DBADE529B66EB50069BE00 /* EditProfileView.swift */; };
		67DBADE829B66EFB0069BE00 /* FooterTab.swift in Sources */ = {isa = PBXBuildFile; fileRef = 67DBADE729B66EFB0069BE00 /* FooterTab.swift */; };
		67DBADEA29B66F2B0069BE00 /* HeaderTab.swift in Sources */ = {isa = PBXBuildFile; fileRef = 67DBADE929B66F2B0069BE00 /* HeaderTab.swift */; };
		67DBADED29B66F550069BE00 /* WingView.swift in Sources */ = {isa = PBXBuildFile; fileRef = 67DBADEC29B66F550069BE00 /* WingView.swift */; };
		67DBADEF29B66F810069BE00 /* SearchBarView.swift in Sources */ = {isa = PBXBuildFile; fileRef = 67DBADEE29B66F810069BE00 /* SearchBarView.swift */; };
		67DBADF129B66FAB0069BE00 /* ProfilesGridView.swift in Sources */ = {isa = PBXBuildFile; fileRef = 67DBADF029B66FAB0069BE00 /* ProfilesGridView.swift */; };
		67DBADF329B66FC60069BE00 /* FriendsView.swift in Sources */ = {isa = PBXBuildFile; fileRef = 67DBADF229B66FC60069BE00 /* FriendsView.swift */; };
		747DAE9A28FE0087004FF768 /* HomePageView.swift in Sources */ = {isa = PBXBuildFile; fileRef = 747DAE9928FE0087004FF768 /* HomePageView.swift */; };
		747DAEAB28FF7F6C004FF768 /* KumbhSans-SemiBold.ttf in Resources */ = {isa = PBXBuildFile; fileRef = 747DAE9F28FF7F6C004FF768 /* KumbhSans-SemiBold.ttf */; };
		747DAEAD28FF7F6C004FF768 /* KumbhSans-Bold.ttf in Resources */ = {isa = PBXBuildFile; fileRef = 747DAEA128FF7F6C004FF768 /* KumbhSans-Bold.ttf */; };
		747DAEAE28FF7F6C004FF768 /* KumbhSans-Light.ttf in Resources */ = {isa = PBXBuildFile; fileRef = 747DAEA228FF7F6C004FF768 /* KumbhSans-Light.ttf */; };
		747DAEB128FF7F6C004FF768 /* KumbhSans-Regular.ttf in Resources */ = {isa = PBXBuildFile; fileRef = 747DAEA528FF7F6C004FF768 /* KumbhSans-Regular.ttf */; };
		747DAEC928FF7F85004FF768 /* NotoSans-Regular.ttf in Resources */ = {isa = PBXBuildFile; fileRef = 747DAEB628FF7F85004FF768 /* NotoSans-Regular.ttf */; };
		747DAECC28FF7F85004FF768 /* NotoSans-Bold.ttf in Resources */ = {isa = PBXBuildFile; fileRef = 747DAEB928FF7F85004FF768 /* NotoSans-Bold.ttf */; };
		747DAECE28FF7F85004FF768 /* NotoSans-SemiBold.ttf in Resources */ = {isa = PBXBuildFile; fileRef = 747DAEBB28FF7F85004FF768 /* NotoSans-SemiBold.ttf */; };
		747DAED228FF7F85004FF768 /* NotoSans-Light.ttf in Resources */ = {isa = PBXBuildFile; fileRef = 747DAEBF28FF7F85004FF768 /* NotoSans-Light.ttf */; };
		747DAEDB28FF7F85004FF768 /* NotoSans-Italic.ttf in Resources */ = {isa = PBXBuildFile; fileRef = 747DAEC828FF7F85004FF768 /* NotoSans-Italic.ttf */; };
		747DAEDD28FF7F96004FF768 /* FontManager.swift in Sources */ = {isa = PBXBuildFile; fileRef = 747DAEDC28FF7F96004FF768 /* FontManager.swift */; };
		749BDCEE292EAB31000DB411 /* ImagePicker.swift in Sources */ = {isa = PBXBuildFile; fileRef = 749BDCED292EAB31000DB411 /* ImagePicker.swift */; };
		749CDFDB29246FDB00AC1766 /* AddPhotosView.swift in Sources */ = {isa = PBXBuildFile; fileRef = 749CDFDA29246FDB00AC1766 /* AddPhotosView.swift */; };
		74D2DCD6291429B600C26F96 /* BioView.swift in Sources */ = {isa = PBXBuildFile; fileRef = 74D2DCD5291429B600C26F96 /* BioView.swift */; };
		74D2DCDA2916C02600C26F96 /* PromptView.swift in Sources */ = {isa = PBXBuildFile; fileRef = 74D2DCD92916C02600C26F96 /* PromptView.swift */; };
		9937E6A6295A77D100F30F18 /* User.swift in Sources */ = {isa = PBXBuildFile; fileRef = 9937E6A5295A77D100F30F18 /* User.swift */; };
		9937E6A8295E03AD00F30F18 /* Profile.swift in Sources */ = {isa = PBXBuildFile; fileRef = 9937E6A7295E03AD00F30F18 /* Profile.swift */; };
		9937E6AA295E0BC400F30F18 /* SignupViewModel.swift in Sources */ = {isa = PBXBuildFile; fileRef = 9937E6A9295E0BC400F30F18 /* SignupViewModel.swift */; };
		994385EF29665474009B4452 /* Block.swift in Sources */ = {isa = PBXBuildFile; fileRef = 994385EE29665474009B4452 /* Block.swift */; };
		994385F129665488009B4452 /* Friendship.swift in Sources */ = {isa = PBXBuildFile; fileRef = 994385F029665488009B4452 /* Friendship.swift */; };
		994385F329665495009B4452 /* Match.swift in Sources */ = {isa = PBXBuildFile; fileRef = 994385F229665495009B4452 /* Match.swift */; };
		994385F5296654B1009B4452 /* Message.swift in Sources */ = {isa = PBXBuildFile; fileRef = 994385F4296654B1009B4452 /* Message.swift */; };
		994385F7296654BF009B4452 /* Photo.swift in Sources */ = {isa = PBXBuildFile; fileRef = 994385F6296654BF009B4452 /* Photo.swift */; };
		994385F9296654DF009B4452 /* Prompt.swift in Sources */ = {isa = PBXBuildFile; fileRef = 994385F8296654DF009B4452 /* Prompt.swift */; };
		994385FB296654FC009B4452 /* PromptResponse.swift in Sources */ = {isa = PBXBuildFile; fileRef = 994385FA296654FC009B4452 /* PromptResponse.swift */; };
		994385FD2966550D009B4452 /* Swipe.swift in Sources */ = {isa = PBXBuildFile; fileRef = 994385FC2966550D009B4452 /* Swipe.swift */; };
		994385FF29665523009B4452 /* Wing.swift in Sources */ = {isa = PBXBuildFile; fileRef = 994385FE29665523009B4452 /* Wing.swift */; };
		999A4C7229300EB1000EA950 /* LoginView.swift in Sources */ = {isa = PBXBuildFile; fileRef = 999A4C7129300EB1000EA950 /* LoginView.swift */; };
		999A4C7429300EC3000EA950 /* CreateAccountView.swift in Sources */ = {isa = PBXBuildFile; fileRef = 999A4C7329300EC3000EA950 /* CreateAccountView.swift */; };
		99FFE8B9297B441400D8BB10 /* ProfilePreview.swift in Sources */ = {isa = PBXBuildFile; fileRef = 99FFE8B8297B441400D8BB10 /* ProfilePreview.swift */; };
/* End PBXBuildFile section */

/* Begin PBXContainerItemProxy section */
		02C71E8628EB8F1100447686 /* PBXContainerItemProxy */ = {
			isa = PBXContainerItemProxy;
			containerPortal = 02C71E6D28EB8F1000447686 /* Project object */;
			proxyType = 1;
			remoteGlobalIDString = 02C71E7428EB8F1000447686;
			remoteInfo = Wing;
		};
		02C71E9028EB8F1100447686 /* PBXContainerItemProxy */ = {
			isa = PBXContainerItemProxy;
			containerPortal = 02C71E6D28EB8F1000447686 /* Project object */;
			proxyType = 1;
			remoteGlobalIDString = 02C71E7428EB8F1000447686;
			remoteInfo = Wing;
		};
/* End PBXContainerItemProxy section */

/* Begin PBXFileReference section */
		02C71E7828EB8F1000447686 /* WingApp.swift */ = {isa = PBXFileReference; lastKnownFileType = sourcecode.swift; path = WingApp.swift; sourceTree = "<group>"; };
		02C71E7C28EB8F1100447686 /* Assets.xcassets */ = {isa = PBXFileReference; lastKnownFileType = folder.assetcatalog; path = Assets.xcassets; sourceTree = "<group>"; };
		02C71E7F28EB8F1100447686 /* Preview Assets.xcassets */ = {isa = PBXFileReference; lastKnownFileType = folder.assetcatalog; path = "Preview Assets.xcassets"; sourceTree = "<group>"; };
		02C71E8928EB8F1100447686 /* WingTests.swift */ = {isa = PBXFileReference; lastKnownFileType = sourcecode.swift; path = WingTests.swift; sourceTree = "<group>"; };
		02C71E9328EB8F1100447686 /* WingUITests.swift */ = {isa = PBXFileReference; lastKnownFileType = sourcecode.swift; path = WingUITests.swift; sourceTree = "<group>"; };
		02C71E9528EB8F1100447686 /* WingUITestsLaunchTests.swift */ = {isa = PBXFileReference; lastKnownFileType = sourcecode.swift; path = WingUITestsLaunchTests.swift; sourceTree = "<group>"; };
		67971CD6292456B70088C6BD /* PhoneNumberView.swift */ = {isa = PBXFileReference; lastKnownFileType = sourcecode.swift; path = PhoneNumberView.swift; sourceTree = "<group>"; };
		67971CD8292457F60088C6BD /* UsernameView.swift */ = {isa = PBXFileReference; lastKnownFileType = sourcecode.swift; path = UsernameView.swift; sourceTree = "<group>"; };
		67971CDA292458360088C6BD /* ProfileCompletionView.swift */ = {isa = PBXFileReference; lastKnownFileType = sourcecode.swift; path = ProfileCompletionView.swift; sourceTree = "<group>"; };
		67971CDC292458790088C6BD /* OccupationView.swift */ = {isa = PBXFileReference; lastKnownFileType = sourcecode.swift; path = OccupationView.swift; sourceTree = "<group>"; };
		67971CDE2924594A0088C6BD /* MaximumDistanceView.swift */ = {isa = PBXFileReference; lastKnownFileType = sourcecode.swift; path = MaximumDistanceView.swift; sourceTree = "<group>"; };
		67971CE02924598C0088C6BD /* MatchPreferenceView.swift */ = {isa = PBXFileReference; lastKnownFileType = sourcecode.swift; path = MatchPreferenceView.swift; sourceTree = "<group>"; };
		67971CE2292459BA0088C6BD /* EmailAddressView.swift */ = {isa = PBXFileReference; lastKnownFileType = sourcecode.swift; path = EmailAddressView.swift; sourceTree = "<group>"; };
		67971CE4292459E50088C6BD /* AgePreferenceView.swift */ = {isa = PBXFileReference; lastKnownFileType = sourcecode.swift; path = AgePreferenceView.swift; sourceTree = "<group>"; };
		67DBADDD29B66DFD0069BE00 /* SettingsHomeView.swift */ = {isa = PBXFileReference; lastKnownFileType = sourcecode.swift; path = SettingsHomeView.swift; sourceTree = "<group>"; };
		67DBADDF29B66E330069BE00 /* EditAccountView.swift */ = {isa = PBXFileReference; lastKnownFileType = sourcecode.swift; path = EditAccountView.swift; sourceTree = "<group>"; };
		67DBADE129B66E5A0069BE00 /* HelpView.swift */ = {isa = PBXFileReference; lastKnownFileType = sourcecode.swift; path = HelpView.swift; sourceTree = "<group>"; };
		67DBADE329B66E900069BE00 /* EditPreferencesView.swift */ = {isa = PBXFileReference; lastKnownFileType = sourcecode.swift; path = EditPreferencesView.swift; sourceTree = "<group>"; };
		67DBADE529B66EB50069BE00 /* EditProfileView.swift */ = {isa = PBXFileReference; lastKnownFileType = sourcecode.swift; path = EditProfileView.swift; sourceTree = "<group>"; };
		67DBADE729B66EFB0069BE00 /* FooterTab.swift */ = {isa = PBXFileReference; lastKnownFileType = sourcecode.swift; path = FooterTab.swift; sourceTree = "<group>"; };
		67DBADE929B66F2B0069BE00 /* HeaderTab.swift */ = {isa = PBXFileReference; lastKnownFileType = sourcecode.swift; path = HeaderTab.swift; sourceTree = "<group>"; };
		67DBADEC29B66F550069BE00 /* WingView.swift */ = {isa = PBXFileReference; lastKnownFileType = sourcecode.swift; path = WingView.swift; sourceTree = "<group>"; };
		67DBADEE29B66F810069BE00 /* SearchBarView.swift */ = {isa = PBXFileReference; lastKnownFileType = sourcecode.swift; path = SearchBarView.swift; sourceTree = "<group>"; };
		67DBADF029B66FAB0069BE00 /* ProfilesGridView.swift */ = {isa = PBXFileReference; lastKnownFileType = sourcecode.swift; path = ProfilesGridView.swift; sourceTree = "<group>"; };
		67DBADF229B66FC60069BE00 /* FriendsView.swift */ = {isa = PBXFileReference; lastKnownFileType = sourcecode.swift; path = FriendsView.swift; sourceTree = "<group>"; };
		741E07A028F9B9E1001D6478 /* Info.plist */ = {isa = PBXFileReference; lastKnownFileType = text.plist; path = Info.plist; sourceTree = "<group>"; };
		747DAE9928FE0087004FF768 /* HomePageView.swift */ = {isa = PBXFileReference; lastKnownFileType = sourcecode.swift; path = HomePageView.swift; sourceTree = "<group>"; };
		747DAE9F28FF7F6C004FF768 /* KumbhSans-SemiBold.ttf */ = {isa = PBXFileReference; lastKnownFileType = file; path = "KumbhSans-SemiBold.ttf"; sourceTree = "<group>"; };
		747DAEA128FF7F6C004FF768 /* KumbhSans-Bold.ttf */ = {isa = PBXFileReference; lastKnownFileType = file; path = "KumbhSans-Bold.ttf"; sourceTree = "<group>"; };
		747DAEA228FF7F6C004FF768 /* KumbhSans-Light.ttf */ = {isa = PBXFileReference; lastKnownFileType = file; path = "KumbhSans-Light.ttf"; sourceTree = "<group>"; };
		747DAEA528FF7F6C004FF768 /* KumbhSans-Regular.ttf */ = {isa = PBXFileReference; lastKnownFileType = file; path = "KumbhSans-Regular.ttf"; sourceTree = "<group>"; };
		747DAEB628FF7F85004FF768 /* NotoSans-Regular.ttf */ = {isa = PBXFileReference; lastKnownFileType = file; path = "NotoSans-Regular.ttf"; sourceTree = "<group>"; };
		747DAEB928FF7F85004FF768 /* NotoSans-Bold.ttf */ = {isa = PBXFileReference; lastKnownFileType = file; path = "NotoSans-Bold.ttf"; sourceTree = "<group>"; };
		747DAEBB28FF7F85004FF768 /* NotoSans-SemiBold.ttf */ = {isa = PBXFileReference; lastKnownFileType = file; path = "NotoSans-SemiBold.ttf"; sourceTree = "<group>"; };
		747DAEBF28FF7F85004FF768 /* NotoSans-Light.ttf */ = {isa = PBXFileReference; lastKnownFileType = file; path = "NotoSans-Light.ttf"; sourceTree = "<group>"; };
		747DAEC828FF7F85004FF768 /* NotoSans-Italic.ttf */ = {isa = PBXFileReference; lastKnownFileType = file; path = "NotoSans-Italic.ttf"; sourceTree = "<group>"; };
		747DAEDC28FF7F96004FF768 /* FontManager.swift */ = {isa = PBXFileReference; lastKnownFileType = sourcecode.swift; path = FontManager.swift; sourceTree = "<group>"; };
		749BDCED292EAB31000DB411 /* ImagePicker.swift */ = {isa = PBXFileReference; lastKnownFileType = sourcecode.swift; path = ImagePicker.swift; sourceTree = "<group>"; };
		749CDFDA29246FDB00AC1766 /* AddPhotosView.swift */ = {isa = PBXFileReference; lastKnownFileType = sourcecode.swift; path = AddPhotosView.swift; sourceTree = "<group>"; };
		74D2DCD5291429B600C26F96 /* BioView.swift */ = {isa = PBXFileReference; lastKnownFileType = sourcecode.swift; path = BioView.swift; sourceTree = "<group>"; };
		74D2DCD92916C02600C26F96 /* PromptView.swift */ = {isa = PBXFileReference; lastKnownFileType = sourcecode.swift; path = PromptView.swift; sourceTree = "<group>"; };
		9930101329342AA900E01652 /* Wing.app */ = {isa = PBXFileReference; explicitFileType = wrapper.application; includeInIndex = 0; path = Wing.app; sourceTree = BUILT_PRODUCTS_DIR; };
		9930101429342AA900E01652 /* WingTests.xctest */ = {isa = PBXFileReference; explicitFileType = wrapper.cfbundle; includeInIndex = 0; path = WingTests.xctest; sourceTree = BUILT_PRODUCTS_DIR; };
		9930101529342AA900E01652 /* WingUITests.xctest */ = {isa = PBXFileReference; explicitFileType = wrapper.cfbundle; includeInIndex = 0; path = WingUITests.xctest; sourceTree = BUILT_PRODUCTS_DIR; };
		9937E6A5295A77D100F30F18 /* User.swift */ = {isa = PBXFileReference; lastKnownFileType = sourcecode.swift; path = User.swift; sourceTree = "<group>"; };
		9937E6A7295E03AD00F30F18 /* Profile.swift */ = {isa = PBXFileReference; lastKnownFileType = sourcecode.swift; path = Profile.swift; sourceTree = "<group>"; };
		9937E6A9295E0BC400F30F18 /* SignupViewModel.swift */ = {isa = PBXFileReference; lastKnownFileType = sourcecode.swift; path = SignupViewModel.swift; sourceTree = "<group>"; };
		994385EE29665474009B4452 /* Block.swift */ = {isa = PBXFileReference; lastKnownFileType = sourcecode.swift; path = Block.swift; sourceTree = "<group>"; };
		994385F029665488009B4452 /* Friendship.swift */ = {isa = PBXFileReference; lastKnownFileType = sourcecode.swift; path = Friendship.swift; sourceTree = "<group>"; };
		994385F229665495009B4452 /* Match.swift */ = {isa = PBXFileReference; lastKnownFileType = sourcecode.swift; path = Match.swift; sourceTree = "<group>"; };
		994385F4296654B1009B4452 /* Message.swift */ = {isa = PBXFileReference; lastKnownFileType = sourcecode.swift; path = Message.swift; sourceTree = "<group>"; };
		994385F6296654BF009B4452 /* Photo.swift */ = {isa = PBXFileReference; lastKnownFileType = sourcecode.swift; path = Photo.swift; sourceTree = "<group>"; };
		994385F8296654DF009B4452 /* Prompt.swift */ = {isa = PBXFileReference; lastKnownFileType = sourcecode.swift; path = Prompt.swift; sourceTree = "<group>"; };
		994385FA296654FC009B4452 /* PromptResponse.swift */ = {isa = PBXFileReference; lastKnownFileType = sourcecode.swift; path = PromptResponse.swift; sourceTree = "<group>"; };
		994385FC2966550D009B4452 /* Swipe.swift */ = {isa = PBXFileReference; lastKnownFileType = sourcecode.swift; path = Swipe.swift; sourceTree = "<group>"; };
		994385FE29665523009B4452 /* Wing.swift */ = {isa = PBXFileReference; lastKnownFileType = sourcecode.swift; path = Wing.swift; sourceTree = "<group>"; };
		999A4C7129300EB1000EA950 /* LoginView.swift */ = {isa = PBXFileReference; fileEncoding = 4; lastKnownFileType = sourcecode.swift; path = LoginView.swift; sourceTree = "<group>"; };
		999A4C7329300EC3000EA950 /* CreateAccountView.swift */ = {isa = PBXFileReference; fileEncoding = 4; lastKnownFileType = sourcecode.swift; path = CreateAccountView.swift; sourceTree = "<group>"; };
		99FFE8B8297B441400D8BB10 /* ProfilePreview.swift */ = {isa = PBXFileReference; lastKnownFileType = sourcecode.swift; path = ProfilePreview.swift; sourceTree = "<group>"; };
/* End PBXFileReference section */

/* Begin PBXFrameworksBuildPhase section */
		02C71E7228EB8F1000447686 /* Frameworks */ = {
			isa = PBXFrameworksBuildPhase;
			buildActionMask = 2147483647;
			files = (
			);
			runOnlyForDeploymentPostprocessing = 0;
		};
		02C71E8228EB8F1100447686 /* Frameworks */ = {
			isa = PBXFrameworksBuildPhase;
			buildActionMask = 2147483647;
			files = (
			);
			runOnlyForDeploymentPostprocessing = 0;
		};
		02C71E8C28EB8F1100447686 /* Frameworks */ = {
			isa = PBXFrameworksBuildPhase;
			buildActionMask = 2147483647;
			files = (
			);
			runOnlyForDeploymentPostprocessing = 0;
		};
/* End PBXFrameworksBuildPhase section */

/* Begin PBXGroup section */
		02C71E6C28EB8F1000447686 = {
			isa = PBXGroup;
			children = (
				02C71E7728EB8F1000447686 /* Wing */,
				02C71E8828EB8F1100447686 /* WingTests */,
				02C71E9228EB8F1100447686 /* WingUITests */,
				9930101329342AA900E01652 /* Wing.app */,
				9930101429342AA900E01652 /* WingTests.xctest */,
				9930101529342AA900E01652 /* WingUITests.xctest */,
				9936679C29350F3D00E18E30 /* Frameworks */,
			);
			sourceTree = "<group>";
		};
		02C71E7728EB8F1000447686 /* Wing */ = {
			isa = PBXGroup;
			children = (
				9937E6A4295A76D400F30F18 /* models */,
				995B258C293298560016FC8A /* viewModels */,
				741E07A028F9B9E1001D6478 /* Info.plist */,
				741E079B28F9B94B001D6478 /* fonts */,
				741E079728F9ADE5001D6478 /* views */,
				02C71E7828EB8F1000447686 /* WingApp.swift */,
				02C71E7C28EB8F1100447686 /* Assets.xcassets */,
				02C71E7E28EB8F1100447686 /* Preview Content */,
			);
			path = Wing;
			sourceTree = "<group>";
		};
		02C71E7E28EB8F1100447686 /* Preview Content */ = {
			isa = PBXGroup;
			children = (
				02C71E7F28EB8F1100447686 /* Preview Assets.xcassets */,
			);
			path = "Preview Content";
			sourceTree = "<group>";
		};
		02C71E8828EB8F1100447686 /* WingTests */ = {
			isa = PBXGroup;
			children = (
				02C71E8928EB8F1100447686 /* WingTests.swift */,
			);
			path = WingTests;
			sourceTree = "<group>";
		};
		02C71E9228EB8F1100447686 /* WingUITests */ = {
			isa = PBXGroup;
			children = (
				02C71E9328EB8F1100447686 /* WingUITests.swift */,
				02C71E9528EB8F1100447686 /* WingUITestsLaunchTests.swift */,
			);
			path = WingUITests;
			sourceTree = "<group>";
		};
		67DBADDC29B66DBD0069BE00 /* settings */ = {
			isa = PBXGroup;
			children = (
				67DBADDD29B66DFD0069BE00 /* SettingsHomeView.swift */,
				67DBADDF29B66E330069BE00 /* EditAccountView.swift */,
				67DBADE129B66E5A0069BE00 /* HelpView.swift */,
				67DBADE329B66E900069BE00 /* EditPreferencesView.swift */,
				67DBADE529B66EB50069BE00 /* EditProfileView.swift */,
			);
			path = settings;
			sourceTree = "<group>";
		};
		67DBADEB29B66F3C0069BE00 /* wing */ = {
			isa = PBXGroup;
			children = (
				67DBADEC29B66F550069BE00 /* WingView.swift */,
				67DBADEE29B66F810069BE00 /* SearchBarView.swift */,
				67DBADF029B66FAB0069BE00 /* ProfilesGridView.swift */,
				67DBADF229B66FC60069BE00 /* FriendsView.swift */,
			);
			path = wing;
			sourceTree = "<group>";
		};
		741E079728F9ADE5001D6478 /* views */ = {
			isa = PBXGroup;
			children = (
				67DBADEB29B66F3C0069BE00 /* wing */,
				67DBADDC29B66DBD0069BE00 /* settings */,
				749BDCED292EAB31000DB411 /* ImagePicker.swift */,
				7435053D2936A8850055DF9B /* login */,
				67DBADE729B66EFB0069BE00 /* FooterTab.swift */,
				67DBADE929B66F2B0069BE00 /* HeaderTab.swift */,
			);
			path = views;
			sourceTree = "<group>";
		};
		741E079B28F9B94B001D6478 /* fonts */ = {
			isa = PBXGroup;
			children = (
				747DAEB528FF7F85004FF768 /* Noto_Sans */,
				747DAE9B28FF7F6C004FF768 /* Kumbh_Sans */,
				747DAEDC28FF7F96004FF768 /* FontManager.swift */,
			);
			path = fonts;
			sourceTree = "<group>";
		};
		7435053D2936A8850055DF9B /* login */ = {
			isa = PBXGroup;
			children = (
				747DAE9928FE0087004FF768 /* HomePageView.swift */,
				999A4C7329300EC3000EA950 /* CreateAccountView.swift */,
				999A4C7129300EB1000EA950 /* LoginView.swift */,
				74D2DCD5291429B600C26F96 /* BioView.swift */,
				74D2DCD92916C02600C26F96 /* PromptView.swift */,
				749CDFDA29246FDB00AC1766 /* AddPhotosView.swift */,
				67971CD6292456B70088C6BD /* PhoneNumberView.swift */,
				67971CD8292457F60088C6BD /* UsernameView.swift */,
				67971CDA292458360088C6BD /* ProfileCompletionView.swift */,
				67971CDC292458790088C6BD /* OccupationView.swift */,
				67971CDE2924594A0088C6BD /* MaximumDistanceView.swift */,
				67971CE02924598C0088C6BD /* MatchPreferenceView.swift */,
				67971CE2292459BA0088C6BD /* EmailAddressView.swift */,
				67971CE4292459E50088C6BD /* AgePreferenceView.swift */,
			);
			path = login;
			sourceTree = "<group>";
		};
		747DAE9B28FF7F6C004FF768 /* Kumbh_Sans */ = {
			isa = PBXGroup;
			children = (
				747DAE9F28FF7F6C004FF768 /* KumbhSans-SemiBold.ttf */,
				747DAEA128FF7F6C004FF768 /* KumbhSans-Bold.ttf */,
				747DAEA228FF7F6C004FF768 /* KumbhSans-Light.ttf */,
				747DAEA528FF7F6C004FF768 /* KumbhSans-Regular.ttf */,
			);
			path = Kumbh_Sans;
			sourceTree = "<group>";
		};
		747DAEB528FF7F85004FF768 /* Noto_Sans */ = {
			isa = PBXGroup;
			children = (
				747DAEB628FF7F85004FF768 /* NotoSans-Regular.ttf */,
				747DAEB928FF7F85004FF768 /* NotoSans-Bold.ttf */,
				747DAEBB28FF7F85004FF768 /* NotoSans-SemiBold.ttf */,
				747DAEBF28FF7F85004FF768 /* NotoSans-Light.ttf */,
				747DAEC828FF7F85004FF768 /* NotoSans-Italic.ttf */,
			);
			path = Noto_Sans;
			sourceTree = "<group>";
		};
		9936679C29350F3D00E18E30 /* Frameworks */ = {
			isa = PBXGroup;
			children = (
			);
			name = Frameworks;
			sourceTree = "<group>";
		};
		9937E6A4295A76D400F30F18 /* models */ = {
			isa = PBXGroup;
			children = (
				9937E6A5295A77D100F30F18 /* User.swift */,
				9937E6A7295E03AD00F30F18 /* Profile.swift */,
				994385EE29665474009B4452 /* Block.swift */,
				994385F029665488009B4452 /* Friendship.swift */,
				994385F229665495009B4452 /* Match.swift */,
				994385F4296654B1009B4452 /* Message.swift */,
				994385F6296654BF009B4452 /* Photo.swift */,
				994385F8296654DF009B4452 /* Prompt.swift */,
				994385FA296654FC009B4452 /* PromptResponse.swift */,
				994385FC2966550D009B4452 /* Swipe.swift */,
				994385FE29665523009B4452 /* Wing.swift */,
				99FFE8B8297B441400D8BB10 /* ProfilePreview.swift */,
			);
			path = models;
			sourceTree = "<group>";
		};
		995B258C293298560016FC8A /* viewModels */ = {
			isa = PBXGroup;
			children = (
				9937E6A9295E0BC400F30F18 /* SignupViewModel.swift */,
			);
			path = viewModels;
			sourceTree = "<group>";
		};
/* End PBXGroup section */

/* Begin PBXNativeTarget section */
		02C71E7428EB8F1000447686 /* Wing */ = {
			isa = PBXNativeTarget;
			buildConfigurationList = 02C71E9928EB8F1100447686 /* Build configuration list for PBXNativeTarget "Wing" */;
			buildPhases = (
				02C71E7128EB8F1000447686 /* Sources */,
				02C71E7228EB8F1000447686 /* Frameworks */,
				02C71E7328EB8F1000447686 /* Resources */,
			);
			buildRules = (
			);
			dependencies = (
			);
			name = Wing;
			packageProductDependencies = (
			);
			productName = Wing;
			productReference = 9930101329342AA900E01652 /* Wing.app */;
			productType = "com.apple.product-type.application";
		};
		02C71E8428EB8F1100447686 /* WingTests */ = {
			isa = PBXNativeTarget;
			buildConfigurationList = 02C71E9C28EB8F1100447686 /* Build configuration list for PBXNativeTarget "WingTests" */;
			buildPhases = (
				02C71E8128EB8F1100447686 /* Sources */,
				02C71E8228EB8F1100447686 /* Frameworks */,
				02C71E8328EB8F1100447686 /* Resources */,
			);
			buildRules = (
			);
			dependencies = (
				02C71E8728EB8F1100447686 /* PBXTargetDependency */,
			);
			name = WingTests;
			productName = WingTests;
			productReference = 9930101429342AA900E01652 /* WingTests.xctest */;
			productType = "com.apple.product-type.bundle.unit-test";
		};
		02C71E8E28EB8F1100447686 /* WingUITests */ = {
			isa = PBXNativeTarget;
			buildConfigurationList = 02C71E9F28EB8F1100447686 /* Build configuration list for PBXNativeTarget "WingUITests" */;
			buildPhases = (
				02C71E8B28EB8F1100447686 /* Sources */,
				02C71E8C28EB8F1100447686 /* Frameworks */,
				02C71E8D28EB8F1100447686 /* Resources */,
			);
			buildRules = (
			);
			dependencies = (
				02C71E9128EB8F1100447686 /* PBXTargetDependency */,
			);
			name = WingUITests;
			productName = WingUITests;
			productReference = 9930101529342AA900E01652 /* WingUITests.xctest */;
			productType = "com.apple.product-type.bundle.ui-testing";
		};
/* End PBXNativeTarget section */

/* Begin PBXProject section */
		02C71E6D28EB8F1000447686 /* Project object */ = {
			isa = PBXProject;
			attributes = {
				BuildIndependentTargetsInParallel = 1;
				LastSwiftUpdateCheck = 1340;
				LastUpgradeCheck = 1340;
				TargetAttributes = {
					02C71E7428EB8F1000447686 = {
						CreatedOnToolsVersion = 13.4.1;
					};
					02C71E8428EB8F1100447686 = {
						CreatedOnToolsVersion = 13.4.1;
						TestTargetID = 02C71E7428EB8F1000447686;
					};
					02C71E8E28EB8F1100447686 = {
						CreatedOnToolsVersion = 13.4.1;
						TestTargetID = 02C71E7428EB8F1000447686;
					};
				};
			};
			buildConfigurationList = 02C71E7028EB8F1000447686 /* Build configuration list for PBXProject "Wing" */;
			compatibilityVersion = "Xcode 14.0";
			developmentRegion = en;
			hasScannedForEncodings = 0;
			knownRegions = (
				en,
				Base,
			);
			mainGroup = 02C71E6C28EB8F1000447686;
			productRefGroup = 02C71E6C28EB8F1000447686;
			projectDirPath = "";
			projectRoot = "";
			targets = (
				02C71E7428EB8F1000447686 /* Wing */,
				02C71E8428EB8F1100447686 /* WingTests */,
				02C71E8E28EB8F1100447686 /* WingUITests */,
			);
		};
/* End PBXProject section */

/* Begin PBXResourcesBuildPhase section */
		02C71E7328EB8F1000447686 /* Resources */ = {
			isa = PBXResourcesBuildPhase;
			buildActionMask = 2147483647;
			files = (
				747DAEAE28FF7F6C004FF768 /* KumbhSans-Light.ttf in Resources */,
				02C71E8028EB8F1100447686 /* Preview Assets.xcassets in Resources */,
				747DAEB128FF7F6C004FF768 /* KumbhSans-Regular.ttf in Resources */,
				747DAECE28FF7F85004FF768 /* NotoSans-SemiBold.ttf in Resources */,
				747DAED228FF7F85004FF768 /* NotoSans-Light.ttf in Resources */,
				747DAECC28FF7F85004FF768 /* NotoSans-Bold.ttf in Resources */,
				747DAEAB28FF7F6C004FF768 /* KumbhSans-SemiBold.ttf in Resources */,
				747DAEAD28FF7F6C004FF768 /* KumbhSans-Bold.ttf in Resources */,
				747DAEDB28FF7F85004FF768 /* NotoSans-Italic.ttf in Resources */,
				02C71E7D28EB8F1100447686 /* Assets.xcassets in Resources */,
				747DAEC928FF7F85004FF768 /* NotoSans-Regular.ttf in Resources */,
			);
			runOnlyForDeploymentPostprocessing = 0;
		};
		02C71E8328EB8F1100447686 /* Resources */ = {
			isa = PBXResourcesBuildPhase;
			buildActionMask = 2147483647;
			files = (
			);
			runOnlyForDeploymentPostprocessing = 0;
		};
		02C71E8D28EB8F1100447686 /* Resources */ = {
			isa = PBXResourcesBuildPhase;
			buildActionMask = 2147483647;
			files = (
			);
			runOnlyForDeploymentPostprocessing = 0;
		};
/* End PBXResourcesBuildPhase section */

/* Begin PBXSourcesBuildPhase section */
		02C71E7128EB8F1000447686 /* Sources */ = {
			isa = PBXSourcesBuildPhase;
			buildActionMask = 2147483647;
			files = (
				67DBADEA29B66F2B0069BE00 /* HeaderTab.swift in Sources */,
				67DBADE629B66EB50069BE00 /* EditProfileView.swift in Sources */,
				994385F9296654DF009B4452 /* Prompt.swift in Sources */,
				74D2DCDA2916C02600C26F96 /* PromptView.swift in Sources */,
				99FFE8B9297B441400D8BB10 /* ProfilePreview.swift in Sources */,
				67971CE12924598C0088C6BD /* MatchPreferenceView.swift in Sources */,
				994385F7296654BF009B4452 /* Photo.swift in Sources */,
				67971CDF2924594A0088C6BD /* MaximumDistanceView.swift in Sources */,
				67971CE3292459BA0088C6BD /* EmailAddressView.swift in Sources */,
				67DBADF329B66FC60069BE00 /* FriendsView.swift in Sources */,
				67DBADE429B66E900069BE00 /* EditPreferencesView.swift in Sources */,
				67971CDD292458790088C6BD /* OccupationView.swift in Sources */,
				67971CDB292458360088C6BD /* ProfileCompletionView.swift in Sources */,
				747DAE9A28FE0087004FF768 /* HomePageView.swift in Sources */,
				9937E6A6295A77D100F30F18 /* User.swift in Sources */,
				67DBADF129B66FAB0069BE00 /* ProfilesGridView.swift in Sources */,
				67DBADDE29B66DFD0069BE00 /* SettingsHomeView.swift in Sources */,
				994385F5296654B1009B4452 /* Message.swift in Sources */,
				994385FD2966550D009B4452 /* Swipe.swift in Sources */,
				67DBADED29B66F550069BE00 /* WingView.swift in Sources */,
				74D2DCD6291429B600C26F96 /* BioView.swift in Sources */,
				9937E6A8295E03AD00F30F18 /* Profile.swift in Sources */,
				67DBADE229B66E5A0069BE00 /* HelpView.swift in Sources */,
				67971CE5292459E50088C6BD /* AgePreferenceView.swift in Sources */,
				67DBADEF29B66F810069BE00 /* SearchBarView.swift in Sources */,
				67971CD9292457F60088C6BD /* UsernameView.swift in Sources */,
				999A4C7229300EB1000EA950 /* LoginView.swift in Sources */,
				994385F129665488009B4452 /* Friendship.swift in Sources */,
				999A4C7429300EC3000EA950 /* CreateAccountView.swift in Sources */,
				994385FF29665523009B4452 /* Wing.swift in Sources */,
				9937E6AA295E0BC400F30F18 /* SignupViewModel.swift in Sources */,
				994385F329665495009B4452 /* Match.swift in Sources */,
				994385FB296654FC009B4452 /* PromptResponse.swift in Sources */,
				67DBADE829B66EFB0069BE00 /* FooterTab.swift in Sources */,
				747DAEDD28FF7F96004FF768 /* FontManager.swift in Sources */,
				749BDCEE292EAB31000DB411 /* ImagePicker.swift in Sources */,
				67971CD7292456B70088C6BD /* PhoneNumberView.swift in Sources */,
				994385EF29665474009B4452 /* Block.swift in Sources */,
				02C71E7928EB8F1000447686 /* WingApp.swift in Sources */,
				67DBADE029B66E330069BE00 /* EditAccountView.swift in Sources */,
				749CDFDB29246FDB00AC1766 /* AddPhotosView.swift in Sources */,
			);
			runOnlyForDeploymentPostprocessing = 0;
		};
		02C71E8128EB8F1100447686 /* Sources */ = {
			isa = PBXSourcesBuildPhase;
			buildActionMask = 2147483647;
			files = (
				02C71E8A28EB8F1100447686 /* WingTests.swift in Sources */,
			);
			runOnlyForDeploymentPostprocessing = 0;
		};
		02C71E8B28EB8F1100447686 /* Sources */ = {
			isa = PBXSourcesBuildPhase;
			buildActionMask = 2147483647;
			files = (
				02C71E9428EB8F1100447686 /* WingUITests.swift in Sources */,
				02C71E9628EB8F1100447686 /* WingUITestsLaunchTests.swift in Sources */,
			);
			runOnlyForDeploymentPostprocessing = 0;
		};
/* End PBXSourcesBuildPhase section */

/* Begin PBXTargetDependency section */
		02C71E8728EB8F1100447686 /* PBXTargetDependency */ = {
			isa = PBXTargetDependency;
			target = 02C71E7428EB8F1000447686 /* Wing */;
			targetProxy = 02C71E8628EB8F1100447686 /* PBXContainerItemProxy */;
		};
		02C71E9128EB8F1100447686 /* PBXTargetDependency */ = {
			isa = PBXTargetDependency;
			target = 02C71E7428EB8F1000447686 /* Wing */;
			targetProxy = 02C71E9028EB8F1100447686 /* PBXContainerItemProxy */;
		};
/* End PBXTargetDependency section */

/* Begin XCBuildConfiguration section */
		02C71E9728EB8F1100447686 /* Debug */ = {
			isa = XCBuildConfiguration;
			buildSettings = {
				ALWAYS_SEARCH_USER_PATHS = NO;
				CLANG_ANALYZER_NONNULL = YES;
				CLANG_ANALYZER_NUMBER_OBJECT_CONVERSION = YES_AGGRESSIVE;
				CLANG_CXX_LANGUAGE_STANDARD = "gnu++17";
				CLANG_ENABLE_MODULES = YES;
				CLANG_ENABLE_OBJC_ARC = YES;
				CLANG_ENABLE_OBJC_WEAK = YES;
				CLANG_WARN_BLOCK_CAPTURE_AUTORELEASING = YES;
				CLANG_WARN_BOOL_CONVERSION = YES;
				CLANG_WARN_COMMA = YES;
				CLANG_WARN_CONSTANT_CONVERSION = YES;
				CLANG_WARN_DEPRECATED_OBJC_IMPLEMENTATIONS = YES;
				CLANG_WARN_DIRECT_OBJC_ISA_USAGE = YES_ERROR;
				CLANG_WARN_DOCUMENTATION_COMMENTS = YES;
				CLANG_WARN_EMPTY_BODY = YES;
				CLANG_WARN_ENUM_CONVERSION = YES;
				CLANG_WARN_INFINITE_RECURSION = YES;
				CLANG_WARN_INT_CONVERSION = YES;
				CLANG_WARN_NON_LITERAL_NULL_CONVERSION = YES;
				CLANG_WARN_OBJC_IMPLICIT_RETAIN_SELF = YES;
				CLANG_WARN_OBJC_LITERAL_CONVERSION = YES;
				CLANG_WARN_OBJC_ROOT_CLASS = YES_ERROR;
				CLANG_WARN_QUOTED_INCLUDE_IN_FRAMEWORK_HEADER = YES;
				CLANG_WARN_RANGE_LOOP_ANALYSIS = YES;
				CLANG_WARN_STRICT_PROTOTYPES = YES;
				CLANG_WARN_SUSPICIOUS_MOVE = YES;
				CLANG_WARN_UNGUARDED_AVAILABILITY = YES_AGGRESSIVE;
				CLANG_WARN_UNREACHABLE_CODE = YES;
				CLANG_WARN__DUPLICATE_METHOD_MATCH = YES;
				COPY_PHASE_STRIP = NO;
				DEBUG_INFORMATION_FORMAT = dwarf;
				ENABLE_STRICT_OBJC_MSGSEND = YES;
				ENABLE_TESTABILITY = YES;
				GCC_C_LANGUAGE_STANDARD = gnu11;
				GCC_DYNAMIC_NO_PIC = NO;
				GCC_NO_COMMON_BLOCKS = YES;
				GCC_OPTIMIZATION_LEVEL = 0;
				GCC_PREPROCESSOR_DEFINITIONS = (
					"DEBUG=1",
					"$(inherited)",
				);
				GCC_WARN_64_TO_32_BIT_CONVERSION = YES;
				GCC_WARN_ABOUT_RETURN_TYPE = YES_ERROR;
				GCC_WARN_UNDECLARED_SELECTOR = YES;
				GCC_WARN_UNINITIALIZED_AUTOS = YES_AGGRESSIVE;
				GCC_WARN_UNUSED_FUNCTION = YES;
				GCC_WARN_UNUSED_VARIABLE = YES;
				IPHONEOS_DEPLOYMENT_TARGET = 15.5;
				MTL_ENABLE_DEBUG_INFO = INCLUDE_SOURCE;
				MTL_FAST_MATH = YES;
				ONLY_ACTIVE_ARCH = YES;
				SDKROOT = iphoneos;
				SWIFT_ACTIVE_COMPILATION_CONDITIONS = DEBUG;
				SWIFT_OPTIMIZATION_LEVEL = "-Onone";
			};
			name = Debug;
		};
		02C71E9828EB8F1100447686 /* Release */ = {
			isa = XCBuildConfiguration;
			buildSettings = {
				ALWAYS_SEARCH_USER_PATHS = NO;
				CLANG_ANALYZER_NONNULL = YES;
				CLANG_ANALYZER_NUMBER_OBJECT_CONVERSION = YES_AGGRESSIVE;
				CLANG_CXX_LANGUAGE_STANDARD = "gnu++17";
				CLANG_ENABLE_MODULES = YES;
				CLANG_ENABLE_OBJC_ARC = YES;
				CLANG_ENABLE_OBJC_WEAK = YES;
				CLANG_WARN_BLOCK_CAPTURE_AUTORELEASING = YES;
				CLANG_WARN_BOOL_CONVERSION = YES;
				CLANG_WARN_COMMA = YES;
				CLANG_WARN_CONSTANT_CONVERSION = YES;
				CLANG_WARN_DEPRECATED_OBJC_IMPLEMENTATIONS = YES;
				CLANG_WARN_DIRECT_OBJC_ISA_USAGE = YES_ERROR;
				CLANG_WARN_DOCUMENTATION_COMMENTS = YES;
				CLANG_WARN_EMPTY_BODY = YES;
				CLANG_WARN_ENUM_CONVERSION = YES;
				CLANG_WARN_INFINITE_RECURSION = YES;
				CLANG_WARN_INT_CONVERSION = YES;
				CLANG_WARN_NON_LITERAL_NULL_CONVERSION = YES;
				CLANG_WARN_OBJC_IMPLICIT_RETAIN_SELF = YES;
				CLANG_WARN_OBJC_LITERAL_CONVERSION = YES;
				CLANG_WARN_OBJC_ROOT_CLASS = YES_ERROR;
				CLANG_WARN_QUOTED_INCLUDE_IN_FRAMEWORK_HEADER = YES;
				CLANG_WARN_RANGE_LOOP_ANALYSIS = YES;
				CLANG_WARN_STRICT_PROTOTYPES = YES;
				CLANG_WARN_SUSPICIOUS_MOVE = YES;
				CLANG_WARN_UNGUARDED_AVAILABILITY = YES_AGGRESSIVE;
				CLANG_WARN_UNREACHABLE_CODE = YES;
				CLANG_WARN__DUPLICATE_METHOD_MATCH = YES;
				COPY_PHASE_STRIP = NO;
				DEBUG_INFORMATION_FORMAT = "dwarf-with-dsym";
				ENABLE_NS_ASSERTIONS = NO;
				ENABLE_STRICT_OBJC_MSGSEND = YES;
				GCC_C_LANGUAGE_STANDARD = gnu11;
				GCC_NO_COMMON_BLOCKS = YES;
				GCC_WARN_64_TO_32_BIT_CONVERSION = YES;
				GCC_WARN_ABOUT_RETURN_TYPE = YES_ERROR;
				GCC_WARN_UNDECLARED_SELECTOR = YES;
				GCC_WARN_UNINITIALIZED_AUTOS = YES_AGGRESSIVE;
				GCC_WARN_UNUSED_FUNCTION = YES;
				GCC_WARN_UNUSED_VARIABLE = YES;
				IPHONEOS_DEPLOYMENT_TARGET = 15.5;
				MTL_ENABLE_DEBUG_INFO = NO;
				MTL_FAST_MATH = YES;
				SDKROOT = iphoneos;
				SWIFT_COMPILATION_MODE = wholemodule;
				SWIFT_OPTIMIZATION_LEVEL = "-O";
				VALIDATE_PRODUCT = YES;
			};
			name = Release;
		};
		02C71E9A28EB8F1100447686 /* Debug */ = {
			isa = XCBuildConfiguration;
			buildSettings = {
				ASSETCATALOG_COMPILER_APPICON_NAME = AppIcon;
				ASSETCATALOG_COMPILER_GLOBAL_ACCENT_COLOR_NAME = AccentColor;
				CODE_SIGN_STYLE = Automatic;
				CURRENT_PROJECT_VERSION = 1;
				DEVELOPMENT_ASSET_PATHS = "Wing/Preview\\ Content";
				ENABLE_PREVIEWS = YES;
				GENERATE_INFOPLIST_FILE = YES;
				INFOPLIST_FILE = Wing/Info.plist;
				INFOPLIST_KEY_UIApplicationSceneManifest_Generation = YES;
				INFOPLIST_KEY_UIApplicationSupportsIndirectInputEvents = YES;
				INFOPLIST_KEY_UILaunchScreen_Generation = YES;
				INFOPLIST_KEY_UIStatusBarStyle = "";
				INFOPLIST_KEY_UISupportedInterfaceOrientations_iPad = "UIInterfaceOrientationPortrait UIInterfaceOrientationPortraitUpsideDown UIInterfaceOrientationLandscapeLeft UIInterfaceOrientationLandscapeRight";
				INFOPLIST_KEY_UISupportedInterfaceOrientations_iPhone = "UIInterfaceOrientationPortrait UIInterfaceOrientationLandscapeLeft UIInterfaceOrientationLandscapeRight";
				LD_RUNPATH_SEARCH_PATHS = (
					"$(inherited)",
					"@executable_path/Frameworks",
				);
				MARKETING_VERSION = 1.0;
				PRODUCT_BUNDLE_IDENTIFIER = ENG4000.Wing;
				PRODUCT_NAME = "$(TARGET_NAME)";
				SUPPORTED_PLATFORMS = "iphoneos iphonesimulator";
				SUPPORTS_MACCATALYST = NO;
				SUPPORTS_MAC_DESIGNED_FOR_IPHONE_IPAD = YES;
				SWIFT_EMIT_LOC_STRINGS = YES;
				SWIFT_VERSION = 5.0;
				TARGETED_DEVICE_FAMILY = "1,2";
			};
			name = Debug;
		};
		02C71E9B28EB8F1100447686 /* Release */ = {
			isa = XCBuildConfiguration;
			buildSettings = {
				ASSETCATALOG_COMPILER_APPICON_NAME = AppIcon;
				ASSETCATALOG_COMPILER_GLOBAL_ACCENT_COLOR_NAME = AccentColor;
				CODE_SIGN_STYLE = Automatic;
				CURRENT_PROJECT_VERSION = 1;
				DEVELOPMENT_ASSET_PATHS = "Wing/Preview\\ Content";
				ENABLE_PREVIEWS = YES;
				GENERATE_INFOPLIST_FILE = YES;
				INFOPLIST_FILE = Wing/Info.plist;
				INFOPLIST_KEY_UIApplicationSceneManifest_Generation = YES;
				INFOPLIST_KEY_UIApplicationSupportsIndirectInputEvents = YES;
				INFOPLIST_KEY_UILaunchScreen_Generation = YES;
				INFOPLIST_KEY_UIStatusBarStyle = "";
				INFOPLIST_KEY_UISupportedInterfaceOrientations_iPad = "UIInterfaceOrientationPortrait UIInterfaceOrientationPortraitUpsideDown UIInterfaceOrientationLandscapeLeft UIInterfaceOrientationLandscapeRight";
				INFOPLIST_KEY_UISupportedInterfaceOrientations_iPhone = "UIInterfaceOrientationPortrait UIInterfaceOrientationLandscapeLeft UIInterfaceOrientationLandscapeRight";
				LD_RUNPATH_SEARCH_PATHS = (
					"$(inherited)",
					"@executable_path/Frameworks",
				);
				MARKETING_VERSION = 1.0;
				PRODUCT_BUNDLE_IDENTIFIER = ENG4000.Wing;
				PRODUCT_NAME = "$(TARGET_NAME)";
				SUPPORTED_PLATFORMS = "iphoneos iphonesimulator";
				SUPPORTS_MACCATALYST = NO;
				SUPPORTS_MAC_DESIGNED_FOR_IPHONE_IPAD = YES;
				SWIFT_EMIT_LOC_STRINGS = YES;
				SWIFT_VERSION = 5.0;
				TARGETED_DEVICE_FAMILY = "1,2";
			};
			name = Release;
		};
		02C71E9D28EB8F1100447686 /* Debug */ = {
			isa = XCBuildConfiguration;
			buildSettings = {
				ALWAYS_EMBED_SWIFT_STANDARD_LIBRARIES = YES;
				BUNDLE_LOADER = "$(TEST_HOST)";
				CODE_SIGN_STYLE = Automatic;
				CURRENT_PROJECT_VERSION = 1;
				GENERATE_INFOPLIST_FILE = YES;
				IPHONEOS_DEPLOYMENT_TARGET = 15.5;
				MARKETING_VERSION = 1.0;
				PRODUCT_BUNDLE_IDENTIFIER = ENG4000.WingTests;
				PRODUCT_NAME = "$(TARGET_NAME)";
				SWIFT_EMIT_LOC_STRINGS = NO;
				SWIFT_VERSION = 5.0;
				TARGETED_DEVICE_FAMILY = "1,2";
				TEST_HOST = "$(BUILT_PRODUCTS_DIR)/Wing.app/Wing";
			};
			name = Debug;
		};
		02C71E9E28EB8F1100447686 /* Release */ = {
			isa = XCBuildConfiguration;
			buildSettings = {
				ALWAYS_EMBED_SWIFT_STANDARD_LIBRARIES = YES;
				BUNDLE_LOADER = "$(TEST_HOST)";
				CODE_SIGN_STYLE = Automatic;
				CURRENT_PROJECT_VERSION = 1;
				GENERATE_INFOPLIST_FILE = YES;
				IPHONEOS_DEPLOYMENT_TARGET = 15.5;
				MARKETING_VERSION = 1.0;
				PRODUCT_BUNDLE_IDENTIFIER = ENG4000.WingTests;
				PRODUCT_NAME = "$(TARGET_NAME)";
				SWIFT_EMIT_LOC_STRINGS = NO;
				SWIFT_VERSION = 5.0;
				TARGETED_DEVICE_FAMILY = "1,2";
				TEST_HOST = "$(BUILT_PRODUCTS_DIR)/Wing.app/Wing";
			};
			name = Release;
		};
		02C71EA028EB8F1100447686 /* Debug */ = {
			isa = XCBuildConfiguration;
			buildSettings = {
				ALWAYS_EMBED_SWIFT_STANDARD_LIBRARIES = YES;
				CODE_SIGN_STYLE = Automatic;
				CURRENT_PROJECT_VERSION = 1;
				GENERATE_INFOPLIST_FILE = YES;
				MARKETING_VERSION = 1.0;
				PRODUCT_BUNDLE_IDENTIFIER = ENG4000.WingUITests;
				PRODUCT_NAME = "$(TARGET_NAME)";
				SWIFT_EMIT_LOC_STRINGS = NO;
				SWIFT_VERSION = 5.0;
				TARGETED_DEVICE_FAMILY = "1,2";
				TEST_TARGET_NAME = Wing;
			};
			name = Debug;
		};
		02C71EA128EB8F1100447686 /* Release */ = {
			isa = XCBuildConfiguration;
			buildSettings = {
				ALWAYS_EMBED_SWIFT_STANDARD_LIBRARIES = YES;
				CODE_SIGN_STYLE = Automatic;
				CURRENT_PROJECT_VERSION = 1;
				GENERATE_INFOPLIST_FILE = YES;
				MARKETING_VERSION = 1.0;
				PRODUCT_BUNDLE_IDENTIFIER = ENG4000.WingUITests;
				PRODUCT_NAME = "$(TARGET_NAME)";
				SWIFT_EMIT_LOC_STRINGS = NO;
				SWIFT_VERSION = 5.0;
				TARGETED_DEVICE_FAMILY = "1,2";
				TEST_TARGET_NAME = Wing;
			};
			name = Release;
		};
/* End XCBuildConfiguration section */

/* Begin XCConfigurationList section */
		02C71E7028EB8F1000447686 /* Build configuration list for PBXProject "Wing" */ = {
			isa = XCConfigurationList;
			buildConfigurations = (
				02C71E9728EB8F1100447686 /* Debug */,
				02C71E9828EB8F1100447686 /* Release */,
			);
			defaultConfigurationIsVisible = 0;
			defaultConfigurationName = Release;
		};
		02C71E9928EB8F1100447686 /* Build configuration list for PBXNativeTarget "Wing" */ = {
			isa = XCConfigurationList;
			buildConfigurations = (
				02C71E9A28EB8F1100447686 /* Debug */,
				02C71E9B28EB8F1100447686 /* Release */,
			);
			defaultConfigurationIsVisible = 0;
			defaultConfigurationName = Release;
		};
		02C71E9C28EB8F1100447686 /* Build configuration list for PBXNativeTarget "WingTests" */ = {
			isa = XCConfigurationList;
			buildConfigurations = (
				02C71E9D28EB8F1100447686 /* Debug */,
				02C71E9E28EB8F1100447686 /* Release */,
			);
			defaultConfigurationIsVisible = 0;
			defaultConfigurationName = Release;
		};
		02C71E9F28EB8F1100447686 /* Build configuration list for PBXNativeTarget "WingUITests" */ = {
			isa = XCConfigurationList;
			buildConfigurations = (
				02C71EA028EB8F1100447686 /* Debug */,
				02C71EA128EB8F1100447686 /* Release */,
			);
			defaultConfigurationIsVisible = 0;
			defaultConfigurationName = Release;
		};
/* End XCConfigurationList section */
	};
	rootObject = 02C71E6D28EB8F1000447686 /* Project object */;
}
