// !$*UTF8*$!
{
	archiveVersion = 1;
	classes = {
	};
	objectVersion = 55;
	objects = {

/* Begin PBXBuildFile section */
		02C71E7928EB8F1000447686 /* WingApp.swift in Sources */ = {isa = PBXBuildFile; fileRef = 02C71E7828EB8F1000447686 /* WingApp.swift */; };
		02C71E7D28EB8F1100447686 /* Assets.xcassets in Resources */ = {isa = PBXBuildFile; fileRef = 02C71E7C28EB8F1100447686 /* Assets.xcassets */; };
		02C71E8028EB8F1100447686 /* Preview Assets.xcassets in Resources */ = {isa = PBXBuildFile; fileRef = 02C71E7F28EB8F1100447686 /* Preview Assets.xcassets */; };
		02C71E8A28EB8F1100447686 /* WingTests.swift in Sources */ = {isa = PBXBuildFile; fileRef = 02C71E8928EB8F1100447686 /* WingTests.swift */; };
		02C71E9428EB8F1100447686 /* WingUITests.swift in Sources */ = {isa = PBXBuildFile; fileRef = 02C71E9328EB8F1100447686 /* WingUITests.swift */; };
		02C71E9628EB8F1100447686 /* WingUITestsLaunchTests.swift in Sources */ = {isa = PBXBuildFile; fileRef = 02C71E9528EB8F1100447686 /* WingUITestsLaunchTests.swift */; };
		747DAE9A28FE0087004FF768 /* HomePageView.swift in Sources */ = {isa = PBXBuildFile; fileRef = 747DAE9928FE0087004FF768 /* HomePageView.swift */; };
		747DAEAB28FF7F6C004FF768 /* KumbhSans-SemiBold.ttf in Resources */ = {isa = PBXBuildFile; fileRef = 747DAE9F28FF7F6C004FF768 /* KumbhSans-SemiBold.ttf */; };
		747DAEAD28FF7F6C004FF768 /* KumbhSans-Bold.ttf in Resources */ = {isa = PBXBuildFile; fileRef = 747DAEA128FF7F6C004FF768 /* KumbhSans-Bold.ttf */; };
		747DAEAE28FF7F6C004FF768 /* KumbhSans-Light.ttf in Resources */ = {isa = PBXBuildFile; fileRef = 747DAEA228FF7F6C004FF768 /* KumbhSans-Light.ttf */; };
		747DAEB128FF7F6C004FF768 /* KumbhSans-Regular.ttf in Resources */ = {isa = PBXBuildFile; fileRef = 747DAEA528FF7F6C004FF768 /* KumbhSans-Regular.ttf */; };
		747DAEC928FF7F85004FF768 /* NotoSans-Regular.ttf in Resources */ = {isa = PBXBuildFile; fileRef = 747DAEB628FF7F85004FF768 /* NotoSans-Regular.ttf */; };
		747DAECC28FF7F85004FF768 /* NotoSans-Bold.ttf in Resources */ = {isa = PBXBuildFile; fileRef = 747DAEB928FF7F85004FF768 /* NotoSans-Bold.ttf */; };
		747DAECE28FF7F85004FF768 /* NotoSans-SemiBold.ttf in Resources */ = {isa = PBXBuildFile; fileRef = 747DAEBB28FF7F85004FF768 /* NotoSans-SemiBold.ttf */; };
		747DAED228FF7F85004FF768 /* NotoSans-Light.ttf in Resources */ = {isa = PBXBuildFile; fileRef = 747DAEBF28FF7F85004FF768 /* NotoSans-Light.ttf */; };
		747DAEDB28FF7F85004FF768 /* NotoSans-Italic.ttf in Resources */ = {isa = PBXBuildFile; fileRef = 747DAEC828FF7F85004FF768 /* NotoSans-Italic.ttf */; };
		747DAEDD28FF7F96004FF768 /* FontManager.swift in Sources */ = {isa = PBXBuildFile; fileRef = 747DAEDC28FF7F96004FF768 /* FontManager.swift */; };
		749BDCEE292EAB31000DB411 /* ImagePicker.swift in Sources */ = {isa = PBXBuildFile; fileRef = 749BDCED292EAB31000DB411 /* ImagePicker.swift */; };
		749CDFDB29246FDB00AC1766 /* AddPhotosView.swift in Sources */ = {isa = PBXBuildFile; fileRef = 749CDFDA29246FDB00AC1766 /* AddPhotosView.swift */; };
/* End PBXBuildFile section */

/* Begin PBXContainerItemProxy section */
		02C71E8628EB8F1100447686 /* PBXContainerItemProxy */ = {
			isa = PBXContainerItemProxy;
			containerPortal = 02C71E6D28EB8F1000447686 /* Project object */;
			proxyType = 1;
			remoteGlobalIDString = 02C71E7428EB8F1000447686;
			remoteInfo = Wing;
		};
		02C71E9028EB8F1100447686 /* PBXContainerItemProxy */ = {
			isa = PBXContainerItemProxy;
			containerPortal = 02C71E6D28EB8F1000447686 /* Project object */;
			proxyType = 1;
			remoteGlobalIDString = 02C71E7428EB8F1000447686;
			remoteInfo = Wing;
		};
/* End PBXContainerItemProxy section */

/* Begin PBXFileReference section */
		02C71E7528EB8F1000447686 /* Wing.app */ = {isa = PBXFileReference; explicitFileType = wrapper.application; includeInIndex = 0; path = Wing.app; sourceTree = BUILT_PRODUCTS_DIR; };
		02C71E7828EB8F1000447686 /* WingApp.swift */ = {isa = PBXFileReference; lastKnownFileType = sourcecode.swift; path = WingApp.swift; sourceTree = "<group>"; };
		02C71E7C28EB8F1100447686 /* Assets.xcassets */ = {isa = PBXFileReference; lastKnownFileType = folder.assetcatalog; path = Assets.xcassets; sourceTree = "<group>"; };
		02C71E7F28EB8F1100447686 /* Preview Assets.xcassets */ = {isa = PBXFileReference; lastKnownFileType = folder.assetcatalog; path = "Preview Assets.xcassets"; sourceTree = "<group>"; };
		02C71E8528EB8F1100447686 /* WingTests.xctest */ = {isa = PBXFileReference; explicitFileType = wrapper.cfbundle; includeInIndex = 0; path = WingTests.xctest; sourceTree = BUILT_PRODUCTS_DIR; };
		02C71E8928EB8F1100447686 /* WingTests.swift */ = {isa = PBXFileReference; lastKnownFileType = sourcecode.swift; path = WingTests.swift; sourceTree = "<group>"; };
		02C71E8F28EB8F1100447686 /* WingUITests.xctest */ = {isa = PBXFileReference; explicitFileType = wrapper.cfbundle; includeInIndex = 0; path = WingUITests.xctest; sourceTree = BUILT_PRODUCTS_DIR; };
		02C71E9328EB8F1100447686 /* WingUITests.swift */ = {isa = PBXFileReference; lastKnownFileType = sourcecode.swift; path = WingUITests.swift; sourceTree = "<group>"; };
		02C71E9528EB8F1100447686 /* WingUITestsLaunchTests.swift */ = {isa = PBXFileReference; lastKnownFileType = sourcecode.swift; path = WingUITestsLaunchTests.swift; sourceTree = "<group>"; };
		741E07A028F9B9E1001D6478 /* Info.plist */ = {isa = PBXFileReference; lastKnownFileType = text.plist; path = Info.plist; sourceTree = "<group>"; };
		747DAE9928FE0087004FF768 /* HomePageView.swift */ = {isa = PBXFileReference; lastKnownFileType = sourcecode.swift; path = HomePageView.swift; sourceTree = "<group>"; };
		747DAE9F28FF7F6C004FF768 /* KumbhSans-SemiBold.ttf */ = {isa = PBXFileReference; lastKnownFileType = file; path = "KumbhSans-SemiBold.ttf"; sourceTree = "<group>"; };
		747DAEA128FF7F6C004FF768 /* KumbhSans-Bold.ttf */ = {isa = PBXFileReference; lastKnownFileType = file; path = "KumbhSans-Bold.ttf"; sourceTree = "<group>"; };
		747DAEA228FF7F6C004FF768 /* KumbhSans-Light.ttf */ = {isa = PBXFileReference; lastKnownFileType = file; path = "KumbhSans-Light.ttf"; sourceTree = "<group>"; };
		747DAEA528FF7F6C004FF768 /* KumbhSans-Regular.ttf */ = {isa = PBXFileReference; lastKnownFileType = file; path = "KumbhSans-Regular.ttf"; sourceTree = "<group>"; };
		747DAEB628FF7F85004FF768 /* NotoSans-Regular.ttf */ = {isa = PBXFileReference; lastKnownFileType = file; path = "NotoSans-Regular.ttf"; sourceTree = "<group>"; };
		747DAEB928FF7F85004FF768 /* NotoSans-Bold.ttf */ = {isa = PBXFileReference; lastKnownFileType = file; path = "NotoSans-Bold.ttf"; sourceTree = "<group>"; };
		747DAEBB28FF7F85004FF768 /* NotoSans-SemiBold.ttf */ = {isa = PBXFileReference; lastKnownFileType = file; path = "NotoSans-SemiBold.ttf"; sourceTree = "<group>"; };
		747DAEBF28FF7F85004FF768 /* NotoSans-Light.ttf */ = {isa = PBXFileReference; lastKnownFileType = file; path = "NotoSans-Light.ttf"; sourceTree = "<group>"; };
		747DAEC828FF7F85004FF768 /* NotoSans-Italic.ttf */ = {isa = PBXFileReference; lastKnownFileType = file; path = "NotoSans-Italic.ttf"; sourceTree = "<group>"; };
		747DAEDC28FF7F96004FF768 /* FontManager.swift */ = {isa = PBXFileReference; lastKnownFileType = sourcecode.swift; path = FontManager.swift; sourceTree = "<group>"; };
		749BDCED292EAB31000DB411 /* ImagePicker.swift */ = {isa = PBXFileReference; lastKnownFileType = sourcecode.swift; path = ImagePicker.swift; sourceTree = "<group>"; };
		749CDFDA29246FDB00AC1766 /* AddPhotosView.swift */ = {isa = PBXFileReference; lastKnownFileType = sourcecode.swift; path = AddPhotosView.swift; sourceTree = "<group>"; };
/* End PBXFileReference section */

/* Begin PBXFrameworksBuildPhase section */
		02C71E7228EB8F1000447686 /* Frameworks */ = {
			isa = PBXFrameworksBuildPhase;
			buildActionMask = 2147483647;
			files = (
			);
			runOnlyForDeploymentPostprocessing = 0;
		};
		02C71E8228EB8F1100447686 /* Frameworks */ = {
			isa = PBXFrameworksBuildPhase;
			buildActionMask = 2147483647;
			files = (
			);
			runOnlyForDeploymentPostprocessing = 0;
		};
		02C71E8C28EB8F1100447686 /* Frameworks */ = {
			isa = PBXFrameworksBuildPhase;
			buildActionMask = 2147483647;
			files = (
			);
			runOnlyForDeploymentPostprocessing = 0;
		};
/* End PBXFrameworksBuildPhase section */

/* Begin PBXGroup section */
		02C71E6C28EB8F1000447686 = {
			isa = PBXGroup;
			children = (
				02C71E7728EB8F1000447686 /* Wing */,
				02C71E8828EB8F1100447686 /* WingTests */,
				02C71E9228EB8F1100447686 /* WingUITests */,
				02C71E7628EB8F1000447686 /* Products */,
			);
			sourceTree = "<group>";
		};
		02C71E7628EB8F1000447686 /* Products */ = {
			isa = PBXGroup;
			children = (
				02C71E7528EB8F1000447686 /* Wing.app */,
				02C71E8528EB8F1100447686 /* WingTests.xctest */,
				02C71E8F28EB8F1100447686 /* WingUITests.xctest */,
			);
			name = Products;
			sourceTree = "<group>";
		};
		02C71E7728EB8F1000447686 /* Wing */ = {
			isa = PBXGroup;
			children = (
				741E07A028F9B9E1001D6478 /* Info.plist */,
				741E079B28F9B94B001D6478 /* fonts */,
				741E079728F9ADE5001D6478 /* views */,
				02C71E7828EB8F1000447686 /* WingApp.swift */,
				02C71E7C28EB8F1100447686 /* Assets.xcassets */,
				02C71E7E28EB8F1100447686 /* Preview Content */,
			);
			path = Wing;
			sourceTree = "<group>";
		};
		02C71E7E28EB8F1100447686 /* Preview Content */ = {
			isa = PBXGroup;
			children = (
				02C71E7F28EB8F1100447686 /* Preview Assets.xcassets */,
			);
			path = "Preview Content";
			sourceTree = "<group>";
		};
		02C71E8828EB8F1100447686 /* WingTests */ = {
			isa = PBXGroup;
			children = (
				02C71E8928EB8F1100447686 /* WingTests.swift */,
			);
			path = WingTests;
			sourceTree = "<group>";
		};
		02C71E9228EB8F1100447686 /* WingUITests */ = {
			isa = PBXGroup;
			children = (
				02C71E9328EB8F1100447686 /* WingUITests.swift */,
				02C71E9528EB8F1100447686 /* WingUITestsLaunchTests.swift */,
			);
			path = WingUITests;
			sourceTree = "<group>";
		};
		741E079728F9ADE5001D6478 /* views */ = {
			isa = PBXGroup;
			children = (
				747DAE9928FE0087004FF768 /* HomePageView.swift */,
				749CDFDA29246FDB00AC1766 /* AddPhotosView.swift */,
				749BDCED292EAB31000DB411 /* ImagePicker.swift */,
			);
			path = views;
			sourceTree = "<group>";
		};
		741E079B28F9B94B001D6478 /* fonts */ = {
			isa = PBXGroup;
			children = (
				747DAEB528FF7F85004FF768 /* Noto_Sans */,
				747DAE9B28FF7F6C004FF768 /* Kumbh_Sans */,
				747DAEDC28FF7F96004FF768 /* FontManager.swift */,
			);
			path = fonts;
			sourceTree = "<group>";
		};
		747DAE9B28FF7F6C004FF768 /* Kumbh_Sans */ = {
			isa = PBXGroup;
			children = (
				747DAE9F28FF7F6C004FF768 /* KumbhSans-SemiBold.ttf */,
				747DAEA128FF7F6C004FF768 /* KumbhSans-Bold.ttf */,
				747DAEA228FF7F6C004FF768 /* KumbhSans-Light.ttf */,
				747DAEA528FF7F6C004FF768 /* KumbhSans-Regular.ttf */,
			);
			path = Kumbh_Sans;
			sourceTree = "<group>";
		};
		747DAEB528FF7F85004FF768 /* Noto_Sans */ = {
			isa = PBXGroup;
			children = (
				747DAEB628FF7F85004FF768 /* NotoSans-Regular.ttf */,
				747DAEB928FF7F85004FF768 /* NotoSans-Bold.ttf */,
				747DAEBB28FF7F85004FF768 /* NotoSans-SemiBold.ttf */,
				747DAEBF28FF7F85004FF768 /* NotoSans-Light.ttf */,
				747DAEC828FF7F85004FF768 /* NotoSans-Italic.ttf */,
			);
			path = Noto_Sans;
			sourceTree = "<group>";
		};
/* End PBXGroup section */

/* Begin PBXNativeTarget section */
		02C71E7428EB8F1000447686 /* Wing */ = {
			isa = PBXNativeTarget;
			buildConfigurationList = 02C71E9928EB8F1100447686 /* Build configuration list for PBXNativeTarget "Wing" */;
			buildPhases = (
				02C71E7128EB8F1000447686 /* Sources */,
				02C71E7228EB8F1000447686 /* Frameworks */,
				02C71E7328EB8F1000447686 /* Resources */,
			);
			buildRules = (
			);
			dependencies = (
			);
			name = Wing;
			productName = Wing;
			productReference = 02C71E7528EB8F1000447686 /* Wing.app */;
			productType = "com.apple.product-type.application";
		};
		02C71E8428EB8F1100447686 /* WingTests */ = {
			isa = PBXNativeTarget;
			buildConfigurationList = 02C71E9C28EB8F1100447686 /* Build configuration list for PBXNativeTarget "WingTests" */;
			buildPhases = (
				02C71E8128EB8F1100447686 /* Sources */,
				02C71E8228EB8F1100447686 /* Frameworks */,
				02C71E8328EB8F1100447686 /* Resources */,
			);
			buildRules = (
			);
			dependencies = (
				02C71E8728EB8F1100447686 /* PBXTargetDependency */,
			);
			name = WingTests;
			productName = WingTests;
			productReference = 02C71E8528EB8F1100447686 /* WingTests.xctest */;
			productType = "com.apple.product-type.bundle.unit-test";
		};
		02C71E8E28EB8F1100447686 /* WingUITests */ = {
			isa = PBXNativeTarget;
			buildConfigurationList = 02C71E9F28EB8F1100447686 /* Build configuration list for PBXNativeTarget "WingUITests" */;
			buildPhases = (
				02C71E8B28EB8F1100447686 /* Sources */,
				02C71E8C28EB8F1100447686 /* Frameworks */,
				02C71E8D28EB8F1100447686 /* Resources */,
			);
			buildRules = (
			);
			dependencies = (
				02C71E9128EB8F1100447686 /* PBXTargetDependency */,
			);
			name = WingUITests;
			productName = WingUITests;
			productReference = 02C71E8F28EB8F1100447686 /* WingUITests.xctest */;
			productType = "com.apple.product-type.bundle.ui-testing";
		};
/* End PBXNativeTarget section */

/* Begin PBXProject section */
		02C71E6D28EB8F1000447686 /* Project object */ = {
			isa = PBXProject;
			attributes = {
				BuildIndependentTargetsInParallel = 1;
				LastSwiftUpdateCheck = 1340;
				LastUpgradeCheck = 1340;
				TargetAttributes = {
					02C71E7428EB8F1000447686 = {
						CreatedOnToolsVersion = 13.4.1;
					};
					02C71E8428EB8F1100447686 = {
						CreatedOnToolsVersion = 13.4.1;
						TestTargetID = 02C71E7428EB8F1000447686;
					};
					02C71E8E28EB8F1100447686 = {
						CreatedOnToolsVersion = 13.4.1;
						TestTargetID = 02C71E7428EB8F1000447686;
					};
				};
			};
			buildConfigurationList = 02C71E7028EB8F1000447686 /* Build configuration list for PBXProject "Wing" */;
			compatibilityVersion = "Xcode 13.0";
			developmentRegion = en;
			hasScannedForEncodings = 0;
			knownRegions = (
				en,
				Base,
			);
			mainGroup = 02C71E6C28EB8F1000447686;
			productRefGroup = 02C71E7628EB8F1000447686 /* Products */;
			projectDirPath = "";
			projectRoot = "";
			targets = (
				02C71E7428EB8F1000447686 /* Wing */,
				02C71E8428EB8F1100447686 /* WingTests */,
				02C71E8E28EB8F1100447686 /* WingUITests */,
			);
		};
/* End PBXProject section */

/* Begin PBXResourcesBuildPhase section */
		02C71E7328EB8F1000447686 /* Resources */ = {
			isa = PBXResourcesBuildPhase;
			buildActionMask = 2147483647;
			files = (
				747DAEAE28FF7F6C004FF768 /* KumbhSans-Light.ttf in Resources */,
				02C71E8028EB8F1100447686 /* Preview Assets.xcassets in Resources */,
				747DAEB128FF7F6C004FF768 /* KumbhSans-Regular.ttf in Resources */,
				747DAECE28FF7F85004FF768 /* NotoSans-SemiBold.ttf in Resources */,
				747DAED228FF7F85004FF768 /* NotoSans-Light.ttf in Resources */,
				747DAECC28FF7F85004FF768 /* NotoSans-Bold.ttf in Resources */,
				747DAEAB28FF7F6C004FF768 /* KumbhSans-SemiBold.ttf in Resources */,
				747DAEAD28FF7F6C004FF768 /* KumbhSans-Bold.ttf in Resources */,
				747DAEDB28FF7F85004FF768 /* NotoSans-Italic.ttf in Resources */,
				02C71E7D28EB8F1100447686 /* Assets.xcassets in Resources */,
				747DAEC928FF7F85004FF768 /* NotoSans-Regular.ttf in Resources */,
			);
			runOnlyForDeploymentPostprocessing = 0;
		};
		02C71E8328EB8F1100447686 /* Resources */ = {
			isa = PBXResourcesBuildPhase;
			buildActionMask = 2147483647;
			files = (
			);
			runOnlyForDeploymentPostprocessing = 0;
		};
		02C71E8D28EB8F1100447686 /* Resources */ = {
			isa = PBXResourcesBuildPhase;
			buildActionMask = 2147483647;
			files = (
			);
			runOnlyForDeploymentPostprocessing = 0;
		};
/* End PBXResourcesBuildPhase section */

/* Begin PBXSourcesBuildPhase section */
		02C71E7128EB8F1000447686 /* Sources */ = {
			isa = PBXSourcesBuildPhase;
			buildActionMask = 2147483647;
			files = (
				747DAE9A28FE0087004FF768 /* HomePageView.swift in Sources */,
				747DAEDD28FF7F96004FF768 /* FontManager.swift in Sources */,
				749BDCEE292EAB31000DB411 /* ImagePicker.swift in Sources */,
				02C71E7928EB8F1000447686 /* WingApp.swift in Sources */,
				749CDFDB29246FDB00AC1766 /* AddPhotosView.swift in Sources */,
			);
			runOnlyForDeploymentPostprocessing = 0;
		};
		02C71E8128EB8F1100447686 /* Sources */ = {
			isa = PBXSourcesBuildPhase;
			buildActionMask = 2147483647;
			files = (
				02C71E8A28EB8F1100447686 /* WingTests.swift in Sources */,
			);
			runOnlyForDeploymentPostprocessing = 0;
		};
		02C71E8B28EB8F1100447686 /* Sources */ = {
			isa = PBXSourcesBuildPhase;
			buildActionMask = 2147483647;
			files = (
				02C71E9428EB8F1100447686 /* WingUITests.swift in Sources */,
				02C71E9628EB8F1100447686 /* WingUITestsLaunchTests.swift in Sources */,
			);
			runOnlyForDeploymentPostprocessing = 0;
		};
/* End PBXSourcesBuildPhase section */

/* Begin PBXTargetDependency section */
		02C71E8728EB8F1100447686 /* PBXTargetDependency */ = {
			isa = PBXTargetDependency;
			target = 02C71E7428EB8F1000447686 /* Wing */;
			targetProxy = 02C71E8628EB8F1100447686 /* PBXContainerItemProxy */;
		};
		02C71E9128EB8F1100447686 /* PBXTargetDependency */ = {
			isa = PBXTargetDependency;
			target = 02C71E7428EB8F1000447686 /* Wing */;
			targetProxy = 02C71E9028EB8F1100447686 /* PBXContainerItemProxy */;
		};
/* End PBXTargetDependency section */

/* Begin XCBuildConfiguration section */
		02C71E9728EB8F1100447686 /* Debug */ = {
			isa = XCBuildConfiguration;
			buildSettings = {
				ALWAYS_SEARCH_USER_PATHS = NO;
				CLANG_ANALYZER_NONNULL = YES;
				CLANG_ANALYZER_NUMBER_OBJECT_CONVERSION = YES_AGGRESSIVE;
				CLANG_CXX_LANGUAGE_STANDARD = "gnu++17";
				CLANG_ENABLE_MODULES = YES;
				CLANG_ENABLE_OBJC_ARC = YES;
				CLANG_ENABLE_OBJC_WEAK = YES;
				CLANG_WARN_BLOCK_CAPTURE_AUTORELEASING = YES;
				CLANG_WARN_BOOL_CONVERSION = YES;
				CLANG_WARN_COMMA = YES;
				CLANG_WARN_CONSTANT_CONVERSION = YES;
				CLANG_WARN_DEPRECATED_OBJC_IMPLEMENTATIONS = YES;
				CLANG_WARN_DIRECT_OBJC_ISA_USAGE = YES_ERROR;
				CLANG_WARN_DOCUMENTATION_COMMENTS = YES;
				CLANG_WARN_EMPTY_BODY = YES;
				CLANG_WARN_ENUM_CONVERSION = YES;
				CLANG_WARN_INFINITE_RECURSION = YES;
				CLANG_WARN_INT_CONVERSION = YES;
				CLANG_WARN_NON_LITERAL_NULL_CONVERSION = YES;
				CLANG_WARN_OBJC_IMPLICIT_RETAIN_SELF = YES;
				CLANG_WARN_OBJC_LITERAL_CONVERSION = YES;
				CLANG_WARN_OBJC_ROOT_CLASS = YES_ERROR;
				CLANG_WARN_QUOTED_INCLUDE_IN_FRAMEWORK_HEADER = YES;
				CLANG_WARN_RANGE_LOOP_ANALYSIS = YES;
				CLANG_WARN_STRICT_PROTOTYPES = YES;
				CLANG_WARN_SUSPICIOUS_MOVE = YES;
				CLANG_WARN_UNGUARDED_AVAILABILITY = YES_AGGRESSIVE;
				CLANG_WARN_UNREACHABLE_CODE = YES;
				CLANG_WARN__DUPLICATE_METHOD_MATCH = YES;
				COPY_PHASE_STRIP = NO;
				DEBUG_INFORMATION_FORMAT = dwarf;
				ENABLE_STRICT_OBJC_MSGSEND = YES;
				ENABLE_TESTABILITY = YES;
				GCC_C_LANGUAGE_STANDARD = gnu11;
				GCC_DYNAMIC_NO_PIC = NO;
				GCC_NO_COMMON_BLOCKS = YES;
				GCC_OPTIMIZATION_LEVEL = 0;
				GCC_PREPROCESSOR_DEFINITIONS = (
					"DEBUG=1",
					"$(inherited)",
				);
				GCC_WARN_64_TO_32_BIT_CONVERSION = YES;
				GCC_WARN_ABOUT_RETURN_TYPE = YES_ERROR;
				GCC_WARN_UNDECLARED_SELECTOR = YES;
				GCC_WARN_UNINITIALIZED_AUTOS = YES_AGGRESSIVE;
				GCC_WARN_UNUSED_FUNCTION = YES;
				GCC_WARN_UNUSED_VARIABLE = YES;
				IPHONEOS_DEPLOYMENT_TARGET = 15.5;
				MTL_ENABLE_DEBUG_INFO = INCLUDE_SOURCE;
				MTL_FAST_MATH = YES;
				ONLY_ACTIVE_ARCH = YES;
				SDKROOT = iphoneos;
				SWIFT_ACTIVE_COMPILATION_CONDITIONS = DEBUG;
				SWIFT_OPTIMIZATION_LEVEL = "-Onone";
			};
			name = Debug;
		};
		02C71E9828EB8F1100447686 /* Release */ = {
			isa = XCBuildConfiguration;
			buildSettings = {
				ALWAYS_SEARCH_USER_PATHS = NO;
				CLANG_ANALYZER_NONNULL = YES;
				CLANG_ANALYZER_NUMBER_OBJECT_CONVERSION = YES_AGGRESSIVE;
				CLANG_CXX_LANGUAGE_STANDARD = "gnu++17";
				CLANG_ENABLE_MODULES = YES;
				CLANG_ENABLE_OBJC_ARC = YES;
				CLANG_ENABLE_OBJC_WEAK = YES;
				CLANG_WARN_BLOCK_CAPTURE_AUTORELEASING = YES;
				CLANG_WARN_BOOL_CONVERSION = YES;
				CLANG_WARN_COMMA = YES;
				CLANG_WARN_CONSTANT_CONVERSION = YES;
				CLANG_WARN_DEPRECATED_OBJC_IMPLEMENTATIONS = YES;
				CLANG_WARN_DIRECT_OBJC_ISA_USAGE = YES_ERROR;
				CLANG_WARN_DOCUMENTATION_COMMENTS = YES;
				CLANG_WARN_EMPTY_BODY = YES;
				CLANG_WARN_ENUM_CONVERSION = YES;
				CLANG_WARN_INFINITE_RECURSION = YES;
				CLANG_WARN_INT_CONVERSION = YES;
				CLANG_WARN_NON_LITERAL_NULL_CONVERSION = YES;
				CLANG_WARN_OBJC_IMPLICIT_RETAIN_SELF = YES;
				CLANG_WARN_OBJC_LITERAL_CONVERSION = YES;
				CLANG_WARN_OBJC_ROOT_CLASS = YES_ERROR;
				CLANG_WARN_QUOTED_INCLUDE_IN_FRAMEWORK_HEADER = YES;
				CLANG_WARN_RANGE_LOOP_ANALYSIS = YES;
				CLANG_WARN_STRICT_PROTOTYPES = YES;
				CLANG_WARN_SUSPICIOUS_MOVE = YES;
				CLANG_WARN_UNGUARDED_AVAILABILITY = YES_AGGRESSIVE;
				CLANG_WARN_UNREACHABLE_CODE = YES;
				CLANG_WARN__DUPLICATE_METHOD_MATCH = YES;
				COPY_PHASE_STRIP = NO;
				DEBUG_INFORMATION_FORMAT = "dwarf-with-dsym";
				ENABLE_NS_ASSERTIONS = NO;
				ENABLE_STRICT_OBJC_MSGSEND = YES;
				GCC_C_LANGUAGE_STANDARD = gnu11;
				GCC_NO_COMMON_BLOCKS = YES;
				GCC_WARN_64_TO_32_BIT_CONVERSION = YES;
				GCC_WARN_ABOUT_RETURN_TYPE = YES_ERROR;
				GCC_WARN_UNDECLARED_SELECTOR = YES;
				GCC_WARN_UNINITIALIZED_AUTOS = YES_AGGRESSIVE;
				GCC_WARN_UNUSED_FUNCTION = YES;
				GCC_WARN_UNUSED_VARIABLE = YES;
				IPHONEOS_DEPLOYMENT_TARGET = 15.5;
				MTL_ENABLE_DEBUG_INFO = NO;
				MTL_FAST_MATH = YES;
				SDKROOT = iphoneos;
				SWIFT_COMPILATION_MODE = wholemodule;
				SWIFT_OPTIMIZATION_LEVEL = "-O";
				VALIDATE_PRODUCT = YES;
			};
			name = Release;
		};
		02C71E9A28EB8F1100447686 /* Debug */ = {
			isa = XCBuildConfiguration;
			buildSettings = {
				ASSETCATALOG_COMPILER_APPICON_NAME = AppIcon;
				ASSETCATALOG_COMPILER_GLOBAL_ACCENT_COLOR_NAME = AccentColor;
				CODE_SIGN_STYLE = Automatic;
				CURRENT_PROJECT_VERSION = 1;
				DEVELOPMENT_ASSET_PATHS = "\"Wing/Preview Content\"";
				ENABLE_PREVIEWS = YES;
				GENERATE_INFOPLIST_FILE = YES;
				INFOPLIST_FILE = Wing/Info.plist;
				INFOPLIST_KEY_UIApplicationSceneManifest_Generation = YES;
				INFOPLIST_KEY_UIApplicationSupportsIndirectInputEvents = YES;
				INFOPLIST_KEY_UILaunchScreen_Generation = YES;
				INFOPLIST_KEY_UISupportedInterfaceOrientations_iPad = "UIInterfaceOrientationPortrait UIInterfaceOrientationPortraitUpsideDown UIInterfaceOrientationLandscapeLeft UIInterfaceOrientationLandscapeRight";
				INFOPLIST_KEY_UISupportedInterfaceOrientations_iPhone = "UIInterfaceOrientationPortrait UIInterfaceOrientationLandscapeLeft UIInterfaceOrientationLandscapeRight";
				LD_RUNPATH_SEARCH_PATHS = (
					"$(inherited)",
					"@executable_path/Frameworks",
				);
				MARKETING_VERSION = 1.0;
				PRODUCT_BUNDLE_IDENTIFIER = ENG4000.Wing;
				PRODUCT_NAME = "$(TARGET_NAME)";
				SWIFT_EMIT_LOC_STRINGS = YES;
				SWIFT_VERSION = 5.0;
				TARGETED_DEVICE_FAMILY = "1,2";
			};
			name = Debug;
		};
		02C71E9B28EB8F1100447686 /* Release */ = {
			isa = XCBuildConfiguration;
			buildSettings = {
				ASSETCATALOG_COMPILER_APPICON_NAME = AppIcon;
				ASSETCATALOG_COMPILER_GLOBAL_ACCENT_COLOR_NAME = AccentColor;
				CODE_SIGN_STYLE = Automatic;
				CURRENT_PROJECT_VERSION = 1;
				DEVELOPMENT_ASSET_PATHS = "\"Wing/Preview Content\"";
				ENABLE_PREVIEWS = YES;
				GENERATE_INFOPLIST_FILE = YES;
				INFOPLIST_FILE = Wing/Info.plist;
				INFOPLIST_KEY_UIApplicationSceneManifest_Generation = YES;
				INFOPLIST_KEY_UIApplicationSupportsIndirectInputEvents = YES;
				INFOPLIST_KEY_UILaunchScreen_Generation = YES;
				INFOPLIST_KEY_UISupportedInterfaceOrientations_iPad = "UIInterfaceOrientationPortrait UIInterfaceOrientationPortraitUpsideDown UIInterfaceOrientationLandscapeLeft UIInterfaceOrientationLandscapeRight";
				INFOPLIST_KEY_UISupportedInterfaceOrientations_iPhone = "UIInterfaceOrientationPortrait UIInterfaceOrientationLandscapeLeft UIInterfaceOrientationLandscapeRight";
				LD_RUNPATH_SEARCH_PATHS = (
					"$(inherited)",
					"@executable_path/Frameworks",
				);
				MARKETING_VERSION = 1.0;
				PRODUCT_BUNDLE_IDENTIFIER = ENG4000.Wing;
				PRODUCT_NAME = "$(TARGET_NAME)";
				SWIFT_EMIT_LOC_STRINGS = YES;
				SWIFT_VERSION = 5.0;
				TARGETED_DEVICE_FAMILY = "1,2";
			};
			name = Release;
		};
		02C71E9D28EB8F1100447686 /* Debug */ = {
			isa = XCBuildConfiguration;
			buildSettings = {
				ALWAYS_EMBED_SWIFT_STANDARD_LIBRARIES = YES;
				BUNDLE_LOADER = "$(TEST_HOST)";
				CODE_SIGN_STYLE = Automatic;
				CURRENT_PROJECT_VERSION = 1;
				GENERATE_INFOPLIST_FILE = YES;
				IPHONEOS_DEPLOYMENT_TARGET = 15.5;
				MARKETING_VERSION = 1.0;
				PRODUCT_BUNDLE_IDENTIFIER = ENG4000.WingTests;
				PRODUCT_NAME = "$(TARGET_NAME)";
				SWIFT_EMIT_LOC_STRINGS = NO;
				SWIFT_VERSION = 5.0;
				TARGETED_DEVICE_FAMILY = "1,2";
				TEST_HOST = "$(BUILT_PRODUCTS_DIR)/Wing.app/Wing";
			};
			name = Debug;
		};
		02C71E9E28EB8F1100447686 /* Release */ = {
			isa = XCBuildConfiguration;
			buildSettings = {
				ALWAYS_EMBED_SWIFT_STANDARD_LIBRARIES = YES;
				BUNDLE_LOADER = "$(TEST_HOST)";
				CODE_SIGN_STYLE = Automatic;
				CURRENT_PROJECT_VERSION = 1;
				GENERATE_INFOPLIST_FILE = YES;
				IPHONEOS_DEPLOYMENT_TARGET = 15.5;
				MARKETING_VERSION = 1.0;
				PRODUCT_BUNDLE_IDENTIFIER = ENG4000.WingTests;
				PRODUCT_NAME = "$(TARGET_NAME)";
				SWIFT_EMIT_LOC_STRINGS = NO;
				SWIFT_VERSION = 5.0;
				TARGETED_DEVICE_FAMILY = "1,2";
				TEST_HOST = "$(BUILT_PRODUCTS_DIR)/Wing.app/Wing";
			};
			name = Release;
		};
		02C71EA028EB8F1100447686 /* Debug */ = {
			isa = XCBuildConfiguration;
			buildSettings = {
				ALWAYS_EMBED_SWIFT_STANDARD_LIBRARIES = YES;
				CODE_SIGN_STYLE = Automatic;
				CURRENT_PROJECT_VERSION = 1;
				GENERATE_INFOPLIST_FILE = YES;
				MARKETING_VERSION = 1.0;
				PRODUCT_BUNDLE_IDENTIFIER = ENG4000.WingUITests;
				PRODUCT_NAME = "$(TARGET_NAME)";
				SWIFT_EMIT_LOC_STRINGS = NO;
				SWIFT_VERSION = 5.0;
				TARGETED_DEVICE_FAMILY = "1,2";
				TEST_TARGET_NAME = Wing;
			};
			name = Debug;
		};
		02C71EA128EB8F1100447686 /* Release */ = {
			isa = XCBuildConfiguration;
			buildSettings = {
				ALWAYS_EMBED_SWIFT_STANDARD_LIBRARIES = YES;
				CODE_SIGN_STYLE = Automatic;
				CURRENT_PROJECT_VERSION = 1;
				GENERATE_INFOPLIST_FILE = YES;
				MARKETING_VERSION = 1.0;
				PRODUCT_BUNDLE_IDENTIFIER = ENG4000.WingUITests;
				PRODUCT_NAME = "$(TARGET_NAME)";
				SWIFT_EMIT_LOC_STRINGS = NO;
				SWIFT_VERSION = 5.0;
				TARGETED_DEVICE_FAMILY = "1,2";
				TEST_TARGET_NAME = Wing;
			};
			name = Release;
		};
/* End XCBuildConfiguration section */

/* Begin XCConfigurationList section */
		02C71E7028EB8F1000447686 /* Build configuration list for PBXProject "Wing" */ = {
			isa = XCConfigurationList;
			buildConfigurations = (
				02C71E9728EB8F1100447686 /* Debug */,
				02C71E9828EB8F1100447686 /* Release */,
			);
			defaultConfigurationIsVisible = 0;
			defaultConfigurationName = Release;
		};
		02C71E9928EB8F1100447686 /* Build configuration list for PBXNativeTarget "Wing" */ = {
			isa = XCConfigurationList;
			buildConfigurations = (
				02C71E9A28EB8F1100447686 /* Debug */,
				02C71E9B28EB8F1100447686 /* Release */,
			);
			defaultConfigurationIsVisible = 0;
			defaultConfigurationName = Release;
		};
		02C71E9C28EB8F1100447686 /* Build configuration list for PBXNativeTarget "WingTests" */ = {
			isa = XCConfigurationList;
			buildConfigurations = (
				02C71E9D28EB8F1100447686 /* Debug */,
				02C71E9E28EB8F1100447686 /* Release */,
			);
			defaultConfigurationIsVisible = 0;
			defaultConfigurationName = Release;
		};
		02C71E9F28EB8F1100447686 /* Build configuration list for PBXNativeTarget "WingUITests" */ = {
			isa = XCConfigurationList;
			buildConfigurations = (
				02C71EA028EB8F1100447686 /* Debug */,
				02C71EA128EB8F1100447686 /* Release */,
			);
			defaultConfigurationIsVisible = 0;
			defaultConfigurationName = Release;
		};
/* End XCConfigurationList section */
	};
	rootObject = 02C71E6D28EB8F1000447686 /* Project object */;
}
